
Microsoft Visual Studio Solution File, Format Version 12.00
# Visual Studio Version 16
VisualStudioVersion = 16.0.30907.101
MinimumVisualStudioVersion = 10.0.40219.1
Project("{9A19103F-16F7-4668-BE54-9A1E7A4F7556}") = "EgyGuide", "EgyGuide\EgyGuide.csproj", "{BAAA61E5-897B-45A2-8890-79BF8049A66B}"
EndProject
Project("{9A19103F-16F7-4668-BE54-9A1E7A4F7556}") = "EgyGuide.DataAccess", "EgyGuide.DataAcess\EgyGuide.DataAccess.csproj", "{73736034-EAD3-4624-8D3D-E041E31E04BA}"
EndProject
Project("{9A19103F-16F7-4668-BE54-9A1E7A4F7556}") = "EgyGuide.Models", "EgyGuide.Models\EgyGuide.Models.csproj", "{923E39D8-230E-40B0-B4DF-F81F1DFA19F3}"
EndProject
Project("{9A19103F-16F7-4668-BE54-9A1E7A4F7556}") = "EgyGuide.Utility", "EgyGuide.Utility\EgyGuide.Utility.csproj", "{F85B6B4F-5C20-45DB-A4C5-4B287F892171}"
EndProject
Global
	GlobalSection(SolutionConfigurationPlatforms) = preSolution
		Debug|Any CPU = Debug|Any CPU
		Release|Any CPU = Release|Any CPU
	EndGlobalSection
	GlobalSection(ProjectConfigurationPlatforms) = postSolution
		{BAAA61E5-897B-45A2-8890-79BF8049A66B}.Debug|Any CPU.ActiveCfg = Debug|Any CPU
		{BAAA61E5-897B-45A2-8890-79BF8049A66B}.Debug|Any CPU.Build.0 = Debug|Any CPU
		{BAAA61E5-897B-45A2-8890-79BF8049A66B}.Release|Any CPU.ActiveCfg = Release|Any CPU
		{BAAA61E5-897B-45A2-8890-79BF8049A66B}.Release|Any CPU.Build.0 = Release|Any CPU
		{73736034-EAD3-4624-8D3D-E041E31E04BA}.Debug|Any CPU.ActiveCfg = Debug|Any CPU
		{73736034-EAD3-4624-8D3D-E041E31E04BA}.Debug|Any CPU.Build.0 = Debug|Any CPU
		{73736034-EAD3-4624-8D3D-E041E31E04BA}.Release|Any CPU.ActiveCfg = Release|Any CPU
		{73736034-EAD3-4624-8D3D-E041E31E04BA}.Release|Any CPU.Build.0 = Release|Any CPU
		{923E39D8-230E-40B0-B4DF-F81F1DFA19F3}.Debug|Any CPU.ActiveCfg = Debug|Any CPU
		{923E39D8-230E-40B0-B4DF-F81F1DFA19F3}.Debug|Any CPU.Build.0 = Debug|Any CPU
		{923E39D8-230E-40B0-B4DF-F81F1DFA19F3}.Release|Any CPU.ActiveCfg = Release|Any CPU
		{923E39D8-230E-40B0-B4DF-F81F1DFA19F3}.Release|Any CPU.Build.0 = Release|Any CPU
		{F85B6B4F-5C20-45DB-A4C5-4B287F892171}.Debug|Any CPU.ActiveCfg = Debug|Any CPU
		{F85B6B4F-5C20-45DB-A4C5-4B287F892171}.Debug|Any CPU.Build.0 = Debug|Any CPU
		{F85B6B4F-5C20-45DB-A4C5-4B287F892171}.Release|Any CPU.ActiveCfg = Release|Any CPU
		{F85B6B4F-5C20-45DB-A4C5-4B287F892171}.Release|Any CPU.Build.0 = Release|Any CPU
	EndGlobalSection
	GlobalSection(SolutionProperties) = preSolution
		HideSolutionNode = FALSE
	EndGlobalSection
	GlobalSection(ExtensibilityGlobals) = postSolution
		SolutionGuid = {4F9D4CB7-3229-49D1-A2E4-0A005B690FEA}
	EndGlobalSection
EndGlobal
